PODS:
  - Capacitor (5.0.4):
    - CapacitorCordova
  - CapacitorCordova (5.0.4)
  - Onfido (32.4.2)

DEPENDENCIES:
  - "Capacitor (from `../node_modules/@capacitor/ios`)"
  - "CapacitorCordova (from `../node_modules/@capacitor/ios`)"
  - Onfido (~> 32.4.2)

SPEC REPOS:
  trunk:
    - Onfido

EXTERNAL SOURCES:
  Capacitor:
    :path: "../node_modules/@capacitor/ios"
  CapacitorCordova:
    :path: "../node_modules/@capacitor/ios"

SPEC CHECKSUMS:
  Capacitor: d3d4463573438b9fa65326d1f3549da6f4c21634
  CapacitorCordova: b1fe6bf1f36974a8e4a9044b342d22d49c0996d6
  Onfido: 008b801587ee7d129d88627b0546a2cf0e99288d

PODFILE CHECKSUM: eb3aa788c16327d095924965d6d4bdd16ac226c8

COCOAPODS: 1.15.2
