PODS:
  - Capacitor (5.0.4):
    - CapacitorCordova
  - CapacitorCordova (5.0.4)
  - Onfido (30.4.1)

DEPENDENCIES:
  - "Capacitor (from `../node_modules/@capacitor/ios`)"
  - "CapacitorCordova (from `../node_modules/@capacitor/ios`)"
  - Onfido (~> 30.4.0)

SPEC REPOS:
  trunk:
    - Onfido

EXTERNAL SOURCES:
  Capacitor:
    :path: "../node_modules/@capacitor/ios"
  CapacitorCordova:
    :path: "../node_modules/@capacitor/ios"

SPEC CHECKSUMS:
  Capacitor: d3d4463573438b9fa65326d1f3549da6f4c21634
  CapacitorCordova: b1fe6bf1f36974a8e4a9044b342d22d49c0996d6
  Onfido: 44c7b3669b87d1b64484d06fb2ced42c51647502

PODFILE CHECKSUM: abf2c5d54da0585beda3bf31813fd1074de61f54

COCOAPODS: 1.15.2
